
Microsoft Visual Studio Solution File, Format Version 12.00
# Visual Studio Version 17
VisualStudioVersion = 17.12.35527.113
MinimumVisualStudioVersion = 10.0.40219.1
Project("{FAE04EC0-301F-11D3-BF4B-00C04F79EFBC}") = "QLST_rebase", "QLST_rebase.csproj", "{4AE43921-FE30-42DB-A8A7-A483843EF7A4}"
EndProject
Project("{FAE04EC0-301F-11D3-BF4B-00C04F79EFBC}") = "TestQLST_WhiteBox", "..\TestQLST\TestQLST_WhiteBox.csproj", "{03599961-B3AC-4B8B-80F3-2ECD7329849C}"
EndProject
Project("{FAE04EC0-301F-11D3-BF4B-00C04F79EFBC}") = "TestQLST_BlackBox", "..\TestQLST_BlackBox\TestQLST_BlackBox.csproj", "{9BDC9E72-6673-4E91-A0AF-E6C7800C1EC4}"
EndProject
Global
	GlobalSection(SolutionConfigurationPlatforms) = preSolution
		Debug|Any CPU = Debug|Any CPU
		Release|Any CPU = Release|Any CPU
	EndGlobalSection
	GlobalSection(ProjectConfigurationPlatforms) = postSolution
		{4AE43921-FE30-42DB-A8A7-A483843EF7A4}.Debug|Any CPU.ActiveCfg = Debug|Any CPU
		{4AE43921-FE30-42DB-A8A7-A483843EF7A4}.Debug|Any CPU.Build.0 = Debug|Any CPU
		{4AE43921-FE30-42DB-A8A7-A483843EF7A4}.Release|Any CPU.ActiveCfg = Release|Any CPU
		{4AE43921-FE30-42DB-A8A7-A483843EF7A4}.Release|Any CPU.Build.0 = Release|Any CPU
		{03599961-B3AC-4B8B-80F3-2ECD7329849C}.Debug|Any CPU.ActiveCfg = Debug|Any CPU
		{03599961-B3AC-4B8B-80F3-2ECD7329849C}.Debug|Any CPU.Build.0 = Debug|Any CPU
		{03599961-B3AC-4B8B-80F3-2ECD7329849C}.Release|Any CPU.ActiveCfg = Release|Any CPU
		{03599961-B3AC-4B8B-80F3-2ECD7329849C}.Release|Any CPU.Build.0 = Release|Any CPU
		{9BDC9E72-6673-4E91-A0AF-E6C7800C1EC4}.Debug|Any CPU.ActiveCfg = Debug|Any CPU
		{9BDC9E72-6673-4E91-A0AF-E6C7800C1EC4}.Debug|Any CPU.Build.0 = Debug|Any CPU
		{9BDC9E72-6673-4E91-A0AF-E6C7800C1EC4}.Release|Any CPU.ActiveCfg = Release|Any CPU
		{9BDC9E72-6673-4E91-A0AF-E6C7800C1EC4}.Release|Any CPU.Build.0 = Release|Any CPU
	EndGlobalSection
	GlobalSection(SolutionProperties) = preSolution
		HideSolutionNode = FALSE
	EndGlobalSection
	GlobalSection(ExtensibilityGlobals) = postSolution
		SolutionGuid = {54867BE3-A354-40E9-9188-9B7BF29D5A1B}
	EndGlobalSection
EndGlobal
